{
  "name": "common",
  "version": "1.0.0",
  "lockfileVersion": 3,
  "requires": true,
  "packages": {
    "": {
      "name": "common",
      "version": "1.0.0",
      "license": "ISC",
      "dependencies": {
        "accesscontrol": "^2.2.1"
      }
    },
    "node_modules/accesscontrol": {
      "version": "2.2.1",
      "resolved": "https://registry.npmjs.org/accesscontrol/-/accesscontrol-2.2.1.tgz",
      "integrity": "sha512-52EvFk/J9EF+w4mYQoKnOTkEMj01R1U5n2fc1dai6x1xkgOks3DGkx01qQL2cKFxGmE4Tn1krAU3jJA9L1NMkg==",
      "dependencies": {
        "notation": "^1.3.6"
      }
    },
    "node_modules/notation": {
      "version": "1.3.6",
      "resolved": "https://registry.npmjs.org/notation/-/notation-1.3.6.tgz",
      "integrity": "sha512-DIuJmrP/Gg1DcXKaApsqcjsJD6jEccqKSfmU3BUx/f1GHsMiTJh70cERwYc64tOmTRTARCeMwkqNNzjh3AHhiw=="
    }
  }
}
